
Microsoft Visual Studio Solution File, Format Version 12.00
# Visual Studio 15
VisualStudioVersion = 15.0.26124.0
MinimumVisualStudioVersion = 15.0.26124.0
Project("{FAE04EC0-301F-11D3-BF4B-00C04F79EFBC}") = "Domain", "Domain\Domain.csproj", "{A9519C03-2607-4CCF-83B3-CC80B29FFB5C}"
EndProject
Project("{FAE04EC0-301F-11D3-BF4B-00C04F79EFBC}") = "Application", "Application\Application.csproj", "{360810D3-F648-454E-87B1-66A8CE6EF6B7}"
EndProject
Project("{FAE04EC0-301F-11D3-BF4B-00C04F79EFBC}") = "Persistence", "Persistence\Persistence.csproj", "{9219DE05-2899-431D-8C2D-FC381BD87CB6}"
EndProject
Project("{FAE04EC0-301F-11D3-BF4B-00C04F79EFBC}") = "API", "API\API.csproj", "{8BA7AB67-9817-4B9E-966E-CABD7C8B9D7C}"
EndProject
Global
	GlobalSection(SolutionConfigurationPlatforms) = preSolution
		Debug|Any CPU = Debug|Any CPU
		Debug|x64 = Debug|x64
		Debug|x86 = Debug|x86
		Release|Any CPU = Release|Any CPU
		Release|x64 = Release|x64
		Release|x86 = Release|x86
	EndGlobalSection
	GlobalSection(SolutionProperties) = preSolution
		HideSolutionNode = FALSE
	EndGlobalSection
	GlobalSection(ProjectConfigurationPlatforms) = postSolution
		{A9519C03-2607-4CCF-83B3-CC80B29FFB5C}.Debug|Any CPU.ActiveCfg = Debug|Any CPU
		{A9519C03-2607-4CCF-83B3-CC80B29FFB5C}.Debug|Any CPU.Build.0 = Debug|Any CPU
		{A9519C03-2607-4CCF-83B3-CC80B29FFB5C}.Debug|x64.ActiveCfg = Debug|Any CPU
		{A9519C03-2607-4CCF-83B3-CC80B29FFB5C}.Debug|x64.Build.0 = Debug|Any CPU
		{A9519C03-2607-4CCF-83B3-CC80B29FFB5C}.Debug|x86.ActiveCfg = Debug|Any CPU
		{A9519C03-2607-4CCF-83B3-CC80B29FFB5C}.Debug|x86.Build.0 = Debug|Any CPU
		{A9519C03-2607-4CCF-83B3-CC80B29FFB5C}.Release|Any CPU.ActiveCfg = Release|Any CPU
		{A9519C03-2607-4CCF-83B3-CC80B29FFB5C}.Release|Any CPU.Build.0 = Release|Any CPU
		{A9519C03-2607-4CCF-83B3-CC80B29FFB5C}.Release|x64.ActiveCfg = Release|Any CPU
		{A9519C03-2607-4CCF-83B3-CC80B29FFB5C}.Release|x64.Build.0 = Release|Any CPU
		{A9519C03-2607-4CCF-83B3-CC80B29FFB5C}.Release|x86.ActiveCfg = Release|Any CPU
		{A9519C03-2607-4CCF-83B3-CC80B29FFB5C}.Release|x86.Build.0 = Release|Any CPU
		{360810D3-F648-454E-87B1-66A8CE6EF6B7}.Debug|Any CPU.ActiveCfg = Debug|Any CPU
		{360810D3-F648-454E-87B1-66A8CE6EF6B7}.Debug|Any CPU.Build.0 = Debug|Any CPU
		{360810D3-F648-454E-87B1-66A8CE6EF6B7}.Debug|x64.ActiveCfg = Debug|Any CPU
		{360810D3-F648-454E-87B1-66A8CE6EF6B7}.Debug|x64.Build.0 = Debug|Any CPU
		{360810D3-F648-454E-87B1-66A8CE6EF6B7}.Debug|x86.ActiveCfg = Debug|Any CPU
		{360810D3-F648-454E-87B1-66A8CE6EF6B7}.Debug|x86.Build.0 = Debug|Any CPU
		{360810D3-F648-454E-87B1-66A8CE6EF6B7}.Release|Any CPU.ActiveCfg = Release|Any CPU
		{360810D3-F648-454E-87B1-66A8CE6EF6B7}.Release|Any CPU.Build.0 = Release|Any CPU
		{360810D3-F648-454E-87B1-66A8CE6EF6B7}.Release|x64.ActiveCfg = Release|Any CPU
		{360810D3-F648-454E-87B1-66A8CE6EF6B7}.Release|x64.Build.0 = Release|Any CPU
		{360810D3-F648-454E-87B1-66A8CE6EF6B7}.Release|x86.ActiveCfg = Release|Any CPU
		{360810D3-F648-454E-87B1-66A8CE6EF6B7}.Release|x86.Build.0 = Release|Any CPU
		{9219DE05-2899-431D-8C2D-FC381BD87CB6}.Debug|Any CPU.ActiveCfg = Debug|Any CPU
		{9219DE05-2899-431D-8C2D-FC381BD87CB6}.Debug|Any CPU.Build.0 = Debug|Any CPU
		{9219DE05-2899-431D-8C2D-FC381BD87CB6}.Debug|x64.ActiveCfg = Debug|Any CPU
		{9219DE05-2899-431D-8C2D-FC381BD87CB6}.Debug|x64.Build.0 = Debug|Any CPU
		{9219DE05-2899-431D-8C2D-FC381BD87CB6}.Debug|x86.ActiveCfg = Debug|Any CPU
		{9219DE05-2899-431D-8C2D-FC381BD87CB6}.Debug|x86.Build.0 = Debug|Any CPU
		{9219DE05-2899-431D-8C2D-FC381BD87CB6}.Release|Any CPU.ActiveCfg = Release|Any CPU
		{9219DE05-2899-431D-8C2D-FC381BD87CB6}.Release|Any CPU.Build.0 = Release|Any CPU
		{9219DE05-2899-431D-8C2D-FC381BD87CB6}.Release|x64.ActiveCfg = Release|Any CPU
		{9219DE05-2899-431D-8C2D-FC381BD87CB6}.Release|x64.Build.0 = Release|Any CPU
		{9219DE05-2899-431D-8C2D-FC381BD87CB6}.Release|x86.ActiveCfg = Release|Any CPU
		{9219DE05-2899-431D-8C2D-FC381BD87CB6}.Release|x86.Build.0 = Release|Any CPU
		{8BA7AB67-9817-4B9E-966E-CABD7C8B9D7C}.Debug|Any CPU.ActiveCfg = Debug|Any CPU
		{8BA7AB67-9817-4B9E-966E-CABD7C8B9D7C}.Debug|Any CPU.Build.0 = Debug|Any CPU
		{8BA7AB67-9817-4B9E-966E-CABD7C8B9D7C}.Debug|x64.ActiveCfg = Debug|Any CPU
		{8BA7AB67-9817-4B9E-966E-CABD7C8B9D7C}.Debug|x64.Build.0 = Debug|Any CPU
		{8BA7AB67-9817-4B9E-966E-CABD7C8B9D7C}.Debug|x86.ActiveCfg = Debug|Any CPU
		{8BA7AB67-9817-4B9E-966E-CABD7C8B9D7C}.Debug|x86.Build.0 = Debug|Any CPU
		{8BA7AB67-9817-4B9E-966E-CABD7C8B9D7C}.Release|Any CPU.ActiveCfg = Release|Any CPU
		{8BA7AB67-9817-4B9E-966E-CABD7C8B9D7C}.Release|Any CPU.Build.0 = Release|Any CPU
		{8BA7AB67-9817-4B9E-966E-CABD7C8B9D7C}.Release|x64.ActiveCfg = Release|Any CPU
		{8BA7AB67-9817-4B9E-966E-CABD7C8B9D7C}.Release|x64.Build.0 = Release|Any CPU
		{8BA7AB67-9817-4B9E-966E-CABD7C8B9D7C}.Release|x86.ActiveCfg = Release|Any CPU
		{8BA7AB67-9817-4B9E-966E-CABD7C8B9D7C}.Release|x86.Build.0 = Release|Any CPU
	EndGlobalSection
EndGlobal
